
Microsoft Visual Studio Solution File, Format Version 12.00
# Visual Studio Version 16
VisualStudioVersion = 16.0.30907.101
MinimumVisualStudioVersion = 10.0.40219.1
Project("{9A19103F-16F7-4668-BE54-9A1E7A4F7556}") = "EShop.Model", "EShop\EShop.Model.csproj", "{F47A0F95-442A-4396-BA40-3F3C9EA76B76}"
EndProject
Project("{9A19103F-16F7-4668-BE54-9A1E7A4F7556}") = "EShop.Data", "EShop.Data\EShop.Data.csproj", "{79B87C38-01BA-4EE1-966E-F30A445C5FC9}"
EndProject
Project("{9A19103F-16F7-4668-BE54-9A1E7A4F7556}") = "EShop.WepApp", "EShop.WepApp\EShop.WepApp.csproj", "{72D136B3-7DBD-4421-B60F-B1A0723C4834}"
EndProject
Project("{9A19103F-16F7-4668-BE54-9A1E7A4F7556}") = "BusinessLogic", "BusinessLogic\BusinessLogic.csproj", "{1C87B54F-7380-4C8D-BBF8-508FB88A36D2}"
EndProject
Global
	GlobalSection(SolutionConfigurationPlatforms) = preSolution
		Debug|Any CPU = Debug|Any CPU
		Release|Any CPU = Release|Any CPU
	EndGlobalSection
	GlobalSection(ProjectConfigurationPlatforms) = postSolution
		{F47A0F95-442A-4396-BA40-3F3C9EA76B76}.Debug|Any CPU.ActiveCfg = Debug|Any CPU
		{F47A0F95-442A-4396-BA40-3F3C9EA76B76}.Debug|Any CPU.Build.0 = Debug|Any CPU
		{F47A0F95-442A-4396-BA40-3F3C9EA76B76}.Release|Any CPU.ActiveCfg = Release|Any CPU
		{F47A0F95-442A-4396-BA40-3F3C9EA76B76}.Release|Any CPU.Build.0 = Release|Any CPU
		{79B87C38-01BA-4EE1-966E-F30A445C5FC9}.Debug|Any CPU.ActiveCfg = Debug|Any CPU
		{79B87C38-01BA-4EE1-966E-F30A445C5FC9}.Debug|Any CPU.Build.0 = Debug|Any CPU
		{79B87C38-01BA-4EE1-966E-F30A445C5FC9}.Release|Any CPU.ActiveCfg = Release|Any CPU
		{79B87C38-01BA-4EE1-966E-F30A445C5FC9}.Release|Any CPU.Build.0 = Release|Any CPU
		{72D136B3-7DBD-4421-B60F-B1A0723C4834}.Debug|Any CPU.ActiveCfg = Debug|Any CPU
		{72D136B3-7DBD-4421-B60F-B1A0723C4834}.Debug|Any CPU.Build.0 = Debug|Any CPU
		{72D136B3-7DBD-4421-B60F-B1A0723C4834}.Release|Any CPU.ActiveCfg = Release|Any CPU
		{72D136B3-7DBD-4421-B60F-B1A0723C4834}.Release|Any CPU.Build.0 = Release|Any CPU
		{1C87B54F-7380-4C8D-BBF8-508FB88A36D2}.Debug|Any CPU.ActiveCfg = Debug|Any CPU
		{1C87B54F-7380-4C8D-BBF8-508FB88A36D2}.Debug|Any CPU.Build.0 = Debug|Any CPU
		{1C87B54F-7380-4C8D-BBF8-508FB88A36D2}.Release|Any CPU.ActiveCfg = Release|Any CPU
		{1C87B54F-7380-4C8D-BBF8-508FB88A36D2}.Release|Any CPU.Build.0 = Release|Any CPU
	EndGlobalSection
	GlobalSection(SolutionProperties) = preSolution
		HideSolutionNode = FALSE
	EndGlobalSection
	GlobalSection(ExtensibilityGlobals) = postSolution
		SolutionGuid = {63B0801C-8B89-4CCA-9337-0FAEA4562D85}
	EndGlobalSection
EndGlobal
